
Microsoft Visual Studio Solution File, Format Version 12.00
# Visual Studio 2012
Project("{FAE04EC0-301F-11D3-BF4B-00C04F79EFBC}") = "RMArt.Client", "RMArt.Client\RMArt.Client.csproj", "{CA97A73C-B384-4EDA-92A4-B8FF108BE07A}"
EndProject
Project("{FAE04EC0-301F-11D3-BF4B-00C04F79EFBC}") = "RMArt.Core", "RMArt.Core\RMArt.Core.csproj", "{CEAED1E0-73A6-44D2-A9CC-B09C8136B03C}"
EndProject
Global
	GlobalSection(SolutionConfigurationPlatforms) = preSolution
		Debug|Any CPU = Debug|Any CPU
		Release|Any CPU = Release|Any CPU
	EndGlobalSection
	GlobalSection(ProjectConfigurationPlatforms) = postSolution
		{CA97A73C-B384-4EDA-92A4-B8FF108BE07A}.Debug|Any CPU.ActiveCfg = Debug|Any CPU
		{CA97A73C-B384-4EDA-92A4-B8FF108BE07A}.Debug|Any CPU.Build.0 = Debug|Any CPU
		{CA97A73C-B384-4EDA-92A4-B8FF108BE07A}.Release|Any CPU.ActiveCfg = Release|Any CPU
		{CA97A73C-B384-4EDA-92A4-B8FF108BE07A}.Release|Any CPU.Build.0 = Release|Any CPU
		{CEAED1E0-73A6-44D2-A9CC-B09C8136B03C}.Debug|Any CPU.ActiveCfg = Debug|Any CPU
		{CEAED1E0-73A6-44D2-A9CC-B09C8136B03C}.Debug|Any CPU.Build.0 = Debug|Any CPU
		{CEAED1E0-73A6-44D2-A9CC-B09C8136B03C}.Release|Any CPU.ActiveCfg = Release|Any CPU
		{CEAED1E0-73A6-44D2-A9CC-B09C8136B03C}.Release|Any CPU.Build.0 = Release|Any CPU
	EndGlobalSection
	GlobalSection(SolutionProperties) = preSolution
		HideSolutionNode = FALSE
	EndGlobalSection
EndGlobal
